// !$*UTF8*$!
{
	archiveVersion = 1;
	classes = {
	};
	objectVersion = 56;
	objects = {

/* Begin PBXBuildFile section */
		7E60D4772A5FA571008D5035 /* BrowLabApp.swift in Sources */ = {isa = PBXBuildFile; fileRef = 7E60D4762A5FA571008D5035 /* BrowLabApp.swift */; };
		7E60D4792A5FA571008D5035 /* ContentView.swift in Sources */ = {isa = PBXBuildFile; fileRef = 7E60D4782A5FA571008D5035 /* ContentView.swift */; };
		7E60D47B2A5FA573008D5035 /* Assets.xcassets in Resources */ = {isa = PBXBuildFile; fileRef = 7E60D47A2A5FA573008D5035 /* Assets.xcassets */; };
		7E60D47E2A5FA573008D5035 /* Preview Assets.xcassets in Resources */ = {isa = PBXBuildFile; fileRef = 7E60D47D2A5FA573008D5035 /* Preview Assets.xcassets */; };
		7E60D4882A5FA573008D5035 /* BrowLabTests.swift in Sources */ = {isa = PBXBuildFile; fileRef = 7E60D4872A5FA573008D5035 /* BrowLabTests.swift */; };
		7E60D4922A5FA573008D5035 /* BrowLabUITests.swift in Sources */ = {isa = PBXBuildFile; fileRef = 7E60D4912A5FA573008D5035 /* BrowLabUITests.swift */; };
		7E60D4942A5FA573008D5035 /* BrowLabUITestsLaunchTests.swift in Sources */ = {isa = PBXBuildFile; fileRef = 7E60D4932A5FA573008D5035 /* BrowLabUITestsLaunchTests.swift */; };
		B505CAD32A678F00009939A5 /* FaceDetectorVM.swift in Sources */ = {isa = PBXBuildFile; fileRef = B505CAD22A678F00009939A5 /* FaceDetectorVM.swift */; };
		B505CAD52A678F88009939A5 /* CaptureSessionVM.swift in Sources */ = {isa = PBXBuildFile; fileRef = B505CAD42A678F88009939A5 /* CaptureSessionVM.swift */; };
		B505CAD82A67913D009939A5 /* CameraView.swift in Sources */ = {isa = PBXBuildFile; fileRef = B505CAD72A67913D009939A5 /* CameraView.swift */; };
		B505CADA2A68B6FB009939A5 /* VisionView.swift in Sources */ = {isa = PBXBuildFile; fileRef = B505CAD92A68B6FB009939A5 /* VisionView.swift */; };
/* End PBXBuildFile section */

/* Begin PBXContainerItemProxy section */
		7E60D4842A5FA573008D5035 /* PBXContainerItemProxy */ = {
			isa = PBXContainerItemProxy;
			containerPortal = 7E60D46B2A5FA571008D5035 /* Project object */;
			proxyType = 1;
			remoteGlobalIDString = 7E60D4722A5FA571008D5035;
			remoteInfo = BrowLab;
		};
		7E60D48E2A5FA573008D5035 /* PBXContainerItemProxy */ = {
			isa = PBXContainerItemProxy;
			containerPortal = 7E60D46B2A5FA571008D5035 /* Project object */;
			proxyType = 1;
			remoteGlobalIDString = 7E60D4722A5FA571008D5035;
			remoteInfo = BrowLab;
		};
/* End PBXContainerItemProxy section */

/* Begin PBXFileReference section */
		7E60D4732A5FA571008D5035 /* BrowLab.app */ = {isa = PBXFileReference; explicitFileType = wrapper.application; includeInIndex = 0; path = BrowLab.app; sourceTree = BUILT_PRODUCTS_DIR; };
		7E60D4762A5FA571008D5035 /* BrowLabApp.swift */ = {isa = PBXFileReference; lastKnownFileType = sourcecode.swift; path = BrowLabApp.swift; sourceTree = "<group>"; };
		7E60D4782A5FA571008D5035 /* ContentView.swift */ = {isa = PBXFileReference; lastKnownFileType = sourcecode.swift; path = ContentView.swift; sourceTree = "<group>"; };
		7E60D47A2A5FA573008D5035 /* Assets.xcassets */ = {isa = PBXFileReference; lastKnownFileType = folder.assetcatalog; path = Assets.xcassets; sourceTree = "<group>"; };
		7E60D47D2A5FA573008D5035 /* Preview Assets.xcassets */ = {isa = PBXFileReference; lastKnownFileType = folder.assetcatalog; path = "Preview Assets.xcassets"; sourceTree = "<group>"; };
		7E60D4832A5FA573008D5035 /* BrowLabTests.xctest */ = {isa = PBXFileReference; explicitFileType = wrapper.cfbundle; includeInIndex = 0; path = BrowLabTests.xctest; sourceTree = BUILT_PRODUCTS_DIR; };
		7E60D4872A5FA573008D5035 /* BrowLabTests.swift */ = {isa = PBXFileReference; lastKnownFileType = sourcecode.swift; path = BrowLabTests.swift; sourceTree = "<group>"; };
		7E60D48D2A5FA573008D5035 /* BrowLabUITests.xctest */ = {isa = PBXFileReference; explicitFileType = wrapper.cfbundle; includeInIndex = 0; path = BrowLabUITests.xctest; sourceTree = BUILT_PRODUCTS_DIR; };
		7E60D4912A5FA573008D5035 /* BrowLabUITests.swift */ = {isa = PBXFileReference; lastKnownFileType = sourcecode.swift; path = BrowLabUITests.swift; sourceTree = "<group>"; };
		7E60D4932A5FA573008D5035 /* BrowLabUITestsLaunchTests.swift */ = {isa = PBXFileReference; lastKnownFileType = sourcecode.swift; path = BrowLabUITestsLaunchTests.swift; sourceTree = "<group>"; };
		B505CAD22A678F00009939A5 /* FaceDetectorVM.swift */ = {isa = PBXFileReference; lastKnownFileType = sourcecode.swift; path = FaceDetectorVM.swift; sourceTree = "<group>"; };
		B505CAD42A678F88009939A5 /* CaptureSessionVM.swift */ = {isa = PBXFileReference; lastKnownFileType = sourcecode.swift; path = CaptureSessionVM.swift; sourceTree = "<group>"; };
		B505CAD72A67913D009939A5 /* CameraView.swift */ = {isa = PBXFileReference; lastKnownFileType = sourcecode.swift; path = CameraView.swift; sourceTree = "<group>"; };
		B505CAD92A68B6FB009939A5 /* VisionView.swift */ = {isa = PBXFileReference; lastKnownFileType = sourcecode.swift; path = VisionView.swift; sourceTree = "<group>"; };
/* End PBXFileReference section */

/* Begin PBXFrameworksBuildPhase section */
		7E60D4702A5FA571008D5035 /* Frameworks */ = {
			isa = PBXFrameworksBuildPhase;
			buildActionMask = 2147483647;
			files = (
			);
			runOnlyForDeploymentPostprocessing = 0;
		};
		7E60D4802A5FA573008D5035 /* Frameworks */ = {
			isa = PBXFrameworksBuildPhase;
			buildActionMask = 2147483647;
			files = (
			);
			runOnlyForDeploymentPostprocessing = 0;
		};
		7E60D48A2A5FA573008D5035 /* Frameworks */ = {
			isa = PBXFrameworksBuildPhase;
			buildActionMask = 2147483647;
			files = (
			);
			runOnlyForDeploymentPostprocessing = 0;
		};
/* End PBXFrameworksBuildPhase section */

/* Begin PBXGroup section */
		7E60D46A2A5FA571008D5035 = {
			isa = PBXGroup;
			children = (
				7E60D4752A5FA571008D5035 /* BrowLab */,
				7E60D4862A5FA573008D5035 /* BrowLabTests */,
				7E60D4902A5FA573008D5035 /* BrowLabUITests */,
				7E60D4742A5FA571008D5035 /* Products */,
			);
			sourceTree = "<group>";
		};
		7E60D4742A5FA571008D5035 /* Products */ = {
			isa = PBXGroup;
			children = (
				7E60D4732A5FA571008D5035 /* BrowLab.app */,
				7E60D4832A5FA573008D5035 /* BrowLabTests.xctest */,
				7E60D48D2A5FA573008D5035 /* BrowLabUITests.xctest */,
			);
			name = Products;
			sourceTree = "<group>";
		};
		7E60D4752A5FA571008D5035 /* BrowLab */ = {
			isa = PBXGroup;
			children = (
				B505CAD62A679128009939A5 /* View */,
				B505CAD12A678E75009939A5 /* ViewModel */,
				7E60D4762A5FA571008D5035 /* BrowLabApp.swift */,
				7E60D47A2A5FA573008D5035 /* Assets.xcassets */,
				7E60D47C2A5FA573008D5035 /* Preview Content */,
			);
			path = BrowLab;
			sourceTree = "<group>";
		};
		7E60D47C2A5FA573008D5035 /* Preview Content */ = {
			isa = PBXGroup;
			children = (
				7E60D47D2A5FA573008D5035 /* Preview Assets.xcassets */,
			);
			path = "Preview Content";
			sourceTree = "<group>";
		};
		7E60D4862A5FA573008D5035 /* BrowLabTests */ = {
			isa = PBXGroup;
			children = (
				7E60D4872A5FA573008D5035 /* BrowLabTests.swift */,
			);
			path = BrowLabTests;
			sourceTree = "<group>";
		};
		7E60D4902A5FA573008D5035 /* BrowLabUITests */ = {
			isa = PBXGroup;
			children = (
				7E60D4912A5FA573008D5035 /* BrowLabUITests.swift */,
				7E60D4932A5FA573008D5035 /* BrowLabUITestsLaunchTests.swift */,
			);
			path = BrowLabUITests;
			sourceTree = "<group>";
		};
		B505CAD12A678E75009939A5 /* ViewModel */ = {
			isa = PBXGroup;
			children = (
				B505CAD22A678F00009939A5 /* FaceDetectorVM.swift */,
				B505CAD42A678F88009939A5 /* CaptureSessionVM.swift */,
			);
			path = ViewModel;
			sourceTree = "<group>";
		};
		B505CAD62A679128009939A5 /* View */ = {
			isa = PBXGroup;
			children = (
				7E60D4782A5FA571008D5035 /* ContentView.swift */,
				B505CAD72A67913D009939A5 /* CameraView.swift */,
				B505CAD92A68B6FB009939A5 /* VisionView.swift */,
			);
			path = View;
			sourceTree = "<group>";
		};
/* End PBXGroup section */

/* Begin PBXNativeTarget section */
		7E60D4722A5FA571008D5035 /* BrowLab */ = {
			isa = PBXNativeTarget;
			buildConfigurationList = 7E60D4972A5FA573008D5035 /* Build configuration list for PBXNativeTarget "BrowLab" */;
			buildPhases = (
				7E60D46F2A5FA571008D5035 /* Sources */,
				7E60D4702A5FA571008D5035 /* Frameworks */,
				7E60D4712A5FA571008D5035 /* Resources */,
			);
			buildRules = (
			);
			dependencies = (
			);
			name = BrowLab;
			productName = BrowLab;
			productReference = 7E60D4732A5FA571008D5035 /* BrowLab.app */;
			productType = "com.apple.product-type.application";
		};
		7E60D4822A5FA573008D5035 /* BrowLabTests */ = {
			isa = PBXNativeTarget;
			buildConfigurationList = 7E60D49A2A5FA573008D5035 /* Build configuration list for PBXNativeTarget "BrowLabTests" */;
			buildPhases = (
				7E60D47F2A5FA573008D5035 /* Sources */,
				7E60D4802A5FA573008D5035 /* Frameworks */,
				7E60D4812A5FA573008D5035 /* Resources */,
			);
			buildRules = (
			);
			dependencies = (
				7E60D4852A5FA573008D5035 /* PBXTargetDependency */,
			);
			name = BrowLabTests;
			productName = BrowLabTests;
			productReference = 7E60D4832A5FA573008D5035 /* BrowLabTests.xctest */;
			productType = "com.apple.product-type.bundle.unit-test";
		};
		7E60D48C2A5FA573008D5035 /* BrowLabUITests */ = {
			isa = PBXNativeTarget;
			buildConfigurationList = 7E60D49D2A5FA573008D5035 /* Build configuration list for PBXNativeTarget "BrowLabUITests" */;
			buildPhases = (
				7E60D4892A5FA573008D5035 /* Sources */,
				7E60D48A2A5FA573008D5035 /* Frameworks */,
				7E60D48B2A5FA573008D5035 /* Resources */,
			);
			buildRules = (
			);
			dependencies = (
				7E60D48F2A5FA573008D5035 /* PBXTargetDependency */,
			);
			name = BrowLabUITests;
			productName = BrowLabUITests;
			productReference = 7E60D48D2A5FA573008D5035 /* BrowLabUITests.xctest */;
			productType = "com.apple.product-type.bundle.ui-testing";
		};
/* End PBXNativeTarget section */

/* Begin PBXProject section */
		7E60D46B2A5FA571008D5035 /* Project object */ = {
			isa = PBXProject;
			attributes = {
				BuildIndependentTargetsInParallel = 1;
				LastSwiftUpdateCheck = 1430;
				LastUpgradeCheck = 1430;
				TargetAttributes = {
					7E60D4722A5FA571008D5035 = {
						CreatedOnToolsVersion = 14.3;
					};
					7E60D4822A5FA573008D5035 = {
						CreatedOnToolsVersion = 14.3;
						TestTargetID = 7E60D4722A5FA571008D5035;
					};
					7E60D48C2A5FA573008D5035 = {
						CreatedOnToolsVersion = 14.3;
						TestTargetID = 7E60D4722A5FA571008D5035;
					};
				};
			};
			buildConfigurationList = 7E60D46E2A5FA571008D5035 /* Build configuration list for PBXProject "BrowLab" */;
			compatibilityVersion = "Xcode 14.0";
			developmentRegion = en;
			hasScannedForEncodings = 0;
			knownRegions = (
				en,
				Base,
			);
			mainGroup = 7E60D46A2A5FA571008D5035;
			productRefGroup = 7E60D4742A5FA571008D5035 /* Products */;
			projectDirPath = "";
			projectRoot = "";
			targets = (
				7E60D4722A5FA571008D5035 /* BrowLab */,
				7E60D4822A5FA573008D5035 /* BrowLabTests */,
				7E60D48C2A5FA573008D5035 /* BrowLabUITests */,
			);
		};
/* End PBXProject section */

/* Begin PBXResourcesBuildPhase section */
		7E60D4712A5FA571008D5035 /* Resources */ = {
			isa = PBXResourcesBuildPhase;
			buildActionMask = 2147483647;
			files = (
				7E60D47E2A5FA573008D5035 /* Preview Assets.xcassets in Resources */,
				7E60D47B2A5FA573008D5035 /* Assets.xcassets in Resources */,
			);
			runOnlyForDeploymentPostprocessing = 0;
		};
		7E60D4812A5FA573008D5035 /* Resources */ = {
			isa = PBXResourcesBuildPhase;
			buildActionMask = 2147483647;
			files = (
			);
			runOnlyForDeploymentPostprocessing = 0;
		};
		7E60D48B2A5FA573008D5035 /* Resources */ = {
			isa = PBXResourcesBuildPhase;
			buildActionMask = 2147483647;
			files = (
			);
			runOnlyForDeploymentPostprocessing = 0;
		};
/* End PBXResourcesBuildPhase section */

/* Begin PBXSourcesBuildPhase section */
		7E60D46F2A5FA571008D5035 /* Sources */ = {
			isa = PBXSourcesBuildPhase;
			buildActionMask = 2147483647;
			files = (
				B505CADA2A68B6FB009939A5 /* VisionView.swift in Sources */,
				B505CAD52A678F88009939A5 /* CaptureSessionVM.swift in Sources */,
				7E60D4792A5FA571008D5035 /* ContentView.swift in Sources */,
				B505CAD32A678F00009939A5 /* FaceDetectorVM.swift in Sources */,
				B505CAD82A67913D009939A5 /* CameraView.swift in Sources */,
				7E60D4772A5FA571008D5035 /* BrowLabApp.swift in Sources */,
			);
			runOnlyForDeploymentPostprocessing = 0;
		};
		7E60D47F2A5FA573008D5035 /* Sources */ = {
			isa = PBXSourcesBuildPhase;
			buildActionMask = 2147483647;
			files = (
				7E60D4882A5FA573008D5035 /* BrowLabTests.swift in Sources */,
			);
			runOnlyForDeploymentPostprocessing = 0;
		};
		7E60D4892A5FA573008D5035 /* Sources */ = {
			isa = PBXSourcesBuildPhase;
			buildActionMask = 2147483647;
			files = (
				7E60D4942A5FA573008D5035 /* BrowLabUITestsLaunchTests.swift in Sources */,
				7E60D4922A5FA573008D5035 /* BrowLabUITests.swift in Sources */,
			);
			runOnlyForDeploymentPostprocessing = 0;
		};
/* End PBXSourcesBuildPhase section */

/* Begin PBXTargetDependency section */
		7E60D4852A5FA573008D5035 /* PBXTargetDependency */ = {
			isa = PBXTargetDependency;
			target = 7E60D4722A5FA571008D5035 /* BrowLab */;
			targetProxy = 7E60D4842A5FA573008D5035 /* PBXContainerItemProxy */;
		};
		7E60D48F2A5FA573008D5035 /* PBXTargetDependency */ = {
			isa = PBXTargetDependency;
			target = 7E60D4722A5FA571008D5035 /* BrowLab */;
			targetProxy = 7E60D48E2A5FA573008D5035 /* PBXContainerItemProxy */;
		};
/* End PBXTargetDependency section */

/* Begin XCBuildConfiguration section */
		7E60D4952A5FA573008D5035 /* Debug */ = {
			isa = XCBuildConfiguration;
			buildSettings = {
				ALWAYS_SEARCH_USER_PATHS = NO;
				CLANG_ANALYZER_NONNULL = YES;
				CLANG_ANALYZER_NUMBER_OBJECT_CONVERSION = YES_AGGRESSIVE;
				CLANG_CXX_LANGUAGE_STANDARD = "gnu++20";
				CLANG_ENABLE_MODULES = YES;
				CLANG_ENABLE_OBJC_ARC = YES;
				CLANG_ENABLE_OBJC_WEAK = YES;
				CLANG_WARN_BLOCK_CAPTURE_AUTORELEASING = YES;
				CLANG_WARN_BOOL_CONVERSION = YES;
				CLANG_WARN_COMMA = YES;
				CLANG_WARN_CONSTANT_CONVERSION = YES;
				CLANG_WARN_DEPRECATED_OBJC_IMPLEMENTATIONS = YES;
				CLANG_WARN_DIRECT_OBJC_ISA_USAGE = YES_ERROR;
				CLANG_WARN_DOCUMENTATION_COMMENTS = YES;
				CLANG_WARN_EMPTY_BODY = YES;
				CLANG_WARN_ENUM_CONVERSION = YES;
				CLANG_WARN_INFINITE_RECURSION = YES;
				CLANG_WARN_INT_CONVERSION = YES;
				CLANG_WARN_NON_LITERAL_NULL_CONVERSION = YES;
				CLANG_WARN_OBJC_IMPLICIT_RETAIN_SELF = YES;
				CLANG_WARN_OBJC_LITERAL_CONVERSION = YES;
				CLANG_WARN_OBJC_ROOT_CLASS = YES_ERROR;
				CLANG_WARN_QUOTED_INCLUDE_IN_FRAMEWORK_HEADER = YES;
				CLANG_WARN_RANGE_LOOP_ANALYSIS = YES;
				CLANG_WARN_STRICT_PROTOTYPES = YES;
				CLANG_WARN_SUSPICIOUS_MOVE = YES;
				CLANG_WARN_UNGUARDED_AVAILABILITY = YES_AGGRESSIVE;
				CLANG_WARN_UNREACHABLE_CODE = YES;
				CLANG_WARN__DUPLICATE_METHOD_MATCH = YES;
				COPY_PHASE_STRIP = NO;
				DEBUG_INFORMATION_FORMAT = dwarf;
				ENABLE_STRICT_OBJC_MSGSEND = YES;
				ENABLE_TESTABILITY = YES;
				GCC_C_LANGUAGE_STANDARD = gnu11;
				GCC_DYNAMIC_NO_PIC = NO;
				GCC_NO_COMMON_BLOCKS = YES;
				GCC_OPTIMIZATION_LEVEL = 0;
				GCC_PREPROCESSOR_DEFINITIONS = (
					"DEBUG=1",
					"$(inherited)",
				);
				GCC_WARN_64_TO_32_BIT_CONVERSION = YES;
				GCC_WARN_ABOUT_RETURN_TYPE = YES_ERROR;
				GCC_WARN_UNDECLARED_SELECTOR = YES;
				GCC_WARN_UNINITIALIZED_AUTOS = YES_AGGRESSIVE;
				GCC_WARN_UNUSED_FUNCTION = YES;
				GCC_WARN_UNUSED_VARIABLE = YES;
				IPHONEOS_DEPLOYMENT_TARGET = 16.4;
				MTL_ENABLE_DEBUG_INFO = INCLUDE_SOURCE;
				MTL_FAST_MATH = YES;
				ONLY_ACTIVE_ARCH = YES;
				SDKROOT = iphoneos;
				SWIFT_ACTIVE_COMPILATION_CONDITIONS = DEBUG;
				SWIFT_OPTIMIZATION_LEVEL = "-Onone";
			};
			name = Debug;
		};
		7E60D4962A5FA573008D5035 /* Release */ = {
			isa = XCBuildConfiguration;
			buildSettings = {
				ALWAYS_SEARCH_USER_PATHS = NO;
				CLANG_ANALYZER_NONNULL = YES;
				CLANG_ANALYZER_NUMBER_OBJECT_CONVERSION = YES_AGGRESSIVE;
				CLANG_CXX_LANGUAGE_STANDARD = "gnu++20";
				CLANG_ENABLE_MODULES = YES;
				CLANG_ENABLE_OBJC_ARC = YES;
				CLANG_ENABLE_OBJC_WEAK = YES;
				CLANG_WARN_BLOCK_CAPTURE_AUTORELEASING = YES;
				CLANG_WARN_BOOL_CONVERSION = YES;
				CLANG_WARN_COMMA = YES;
				CLANG_WARN_CONSTANT_CONVERSION = YES;
				CLANG_WARN_DEPRECATED_OBJC_IMPLEMENTATIONS = YES;
				CLANG_WARN_DIRECT_OBJC_ISA_USAGE = YES_ERROR;
				CLANG_WARN_DOCUMENTATION_COMMENTS = YES;
				CLANG_WARN_EMPTY_BODY = YES;
				CLANG_WARN_ENUM_CONVERSION = YES;
				CLANG_WARN_INFINITE_RECURSION = YES;
				CLANG_WARN_INT_CONVERSION = YES;
				CLANG_WARN_NON_LITERAL_NULL_CONVERSION = YES;
				CLANG_WARN_OBJC_IMPLICIT_RETAIN_SELF = YES;
				CLANG_WARN_OBJC_LITERAL_CONVERSION = YES;
				CLANG_WARN_OBJC_ROOT_CLASS = YES_ERROR;
				CLANG_WARN_QUOTED_INCLUDE_IN_FRAMEWORK_HEADER = YES;
				CLANG_WARN_RANGE_LOOP_ANALYSIS = YES;
				CLANG_WARN_STRICT_PROTOTYPES = YES;
				CLANG_WARN_SUSPICIOUS_MOVE = YES;
				CLANG_WARN_UNGUARDED_AVAILABILITY = YES_AGGRESSIVE;
				CLANG_WARN_UNREACHABLE_CODE = YES;
				CLANG_WARN__DUPLICATE_METHOD_MATCH = YES;
				COPY_PHASE_STRIP = NO;
				DEBUG_INFORMATION_FORMAT = "dwarf-with-dsym";
				ENABLE_NS_ASSERTIONS = NO;
				ENABLE_STRICT_OBJC_MSGSEND = YES;
				GCC_C_LANGUAGE_STANDARD = gnu11;
				GCC_NO_COMMON_BLOCKS = YES;
				GCC_WARN_64_TO_32_BIT_CONVERSION = YES;
				GCC_WARN_ABOUT_RETURN_TYPE = YES_ERROR;
				GCC_WARN_UNDECLARED_SELECTOR = YES;
				GCC_WARN_UNINITIALIZED_AUTOS = YES_AGGRESSIVE;
				GCC_WARN_UNUSED_FUNCTION = YES;
				GCC_WARN_UNUSED_VARIABLE = YES;
				IPHONEOS_DEPLOYMENT_TARGET = 16.4;
				MTL_ENABLE_DEBUG_INFO = NO;
				MTL_FAST_MATH = YES;
				SDKROOT = iphoneos;
				SWIFT_COMPILATION_MODE = wholemodule;
				SWIFT_OPTIMIZATION_LEVEL = "-O";
				VALIDATE_PRODUCT = YES;
			};
			name = Release;
		};
		7E60D4982A5FA573008D5035 /* Debug */ = {
			isa = XCBuildConfiguration;
			buildSettings = {
				ASSETCATALOG_COMPILER_APPICON_NAME = AppIcon;
				ASSETCATALOG_COMPILER_GLOBAL_ACCENT_COLOR_NAME = AccentColor;
				CODE_SIGN_STYLE = Automatic;
				CURRENT_PROJECT_VERSION = 1;
				DEVELOPMENT_ASSET_PATHS = "\"BrowLab/Preview Content\"";
				DEVELOPMENT_TEAM = YKG7843K2L;
				ENABLE_PREVIEWS = YES;
				GENERATE_INFOPLIST_FILE = YES;
				INFOPLIST_KEY_NSCameraUsageDescription = "Camera is needed for streaming video";
				INFOPLIST_KEY_UIApplicationSceneManifest_Generation = YES;
				INFOPLIST_KEY_UIApplicationSupportsIndirectInputEvents = YES;
				INFOPLIST_KEY_UILaunchScreen_Generation = YES;
				INFOPLIST_KEY_UISupportedInterfaceOrientations_iPad = "UIInterfaceOrientationPortrait UIInterfaceOrientationPortraitUpsideDown UIInterfaceOrientationLandscapeLeft UIInterfaceOrientationLandscapeRight";
				INFOPLIST_KEY_UISupportedInterfaceOrientations_iPhone = "UIInterfaceOrientationPortrait UIInterfaceOrientationLandscapeLeft UIInterfaceOrientationLandscapeRight";
				LD_RUNPATH_SEARCH_PATHS = (
					"$(inherited)",
					"@executable_path/Frameworks",
				);
				MARKETING_VERSION = 1.0;
				PRODUCT_BUNDLE_IDENTIFIER = Ryu.facedetection;
				PRODUCT_NAME = "$(TARGET_NAME)";
				SWIFT_EMIT_LOC_STRINGS = YES;
				SWIFT_VERSION = 5.0;
				TARGETED_DEVICE_FAMILY = "1,2";
			};
			name = Debug;
		};
		7E60D4992A5FA573008D5035 /* Release */ = {
			isa = XCBuildConfiguration;
			buildSettings = {
				ASSETCATALOG_COMPILER_APPICON_NAME = AppIcon;
				ASSETCATALOG_COMPILER_GLOBAL_ACCENT_COLOR_NAME = AccentColor;
				CODE_SIGN_STYLE = Automatic;
				CURRENT_PROJECT_VERSION = 1;
				DEVELOPMENT_ASSET_PATHS = "\"BrowLab/Preview Content\"";
				DEVELOPMENT_TEAM = YKG7843K2L;
				ENABLE_PREVIEWS = YES;
				GENERATE_INFOPLIST_FILE = YES;
				INFOPLIST_KEY_NSCameraUsageDescription = "Camera is needed for streaming video";
				INFOPLIST_KEY_UIApplicationSceneManifest_Generation = YES;
				INFOPLIST_KEY_UIApplicationSupportsIndirectInputEvents = YES;
				INFOPLIST_KEY_UILaunchScreen_Generation = YES;
				INFOPLIST_KEY_UISupportedInterfaceOrientations_iPad = "UIInterfaceOrientationPortrait UIInterfaceOrientationPortraitUpsideDown UIInterfaceOrientationLandscapeLeft UIInterfaceOrientationLandscapeRight";
				INFOPLIST_KEY_UISupportedInterfaceOrientations_iPhone = "UIInterfaceOrientationPortrait UIInterfaceOrientationLandscapeLeft UIInterfaceOrientationLandscapeRight";
				LD_RUNPATH_SEARCH_PATHS = (
					"$(inherited)",
					"@executable_path/Frameworks",
				);
				MARKETING_VERSION = 1.0;
				PRODUCT_BUNDLE_IDENTIFIER = Ryu.facedetection;
				PRODUCT_NAME = "$(TARGET_NAME)";
				SWIFT_EMIT_LOC_STRINGS = YES;
				SWIFT_VERSION = 5.0;
				TARGETED_DEVICE_FAMILY = "1,2";
			};
			name = Release;
		};
		7E60D49B2A5FA573008D5035 /* Debug */ = {
			isa = XCBuildConfiguration;
			buildSettings = {
				ALWAYS_EMBED_SWIFT_STANDARD_LIBRARIES = YES;
				BUNDLE_LOADER = "$(TEST_HOST)";
				CODE_SIGN_STYLE = Automatic;
				CURRENT_PROJECT_VERSION = 1;
				DEVELOPMENT_TEAM = FLG797DV64;
				GENERATE_INFOPLIST_FILE = YES;
				IPHONEOS_DEPLOYMENT_TARGET = 16.4;
				MARKETING_VERSION = 1.0;
				PRODUCT_BUNDLE_IDENTIFIER = mc3.one.BrowLabTests;
				PRODUCT_NAME = "$(TARGET_NAME)";
				SWIFT_EMIT_LOC_STRINGS = NO;
				SWIFT_VERSION = 5.0;
				TARGETED_DEVICE_FAMILY = "1,2";
				TEST_HOST = "$(BUILT_PRODUCTS_DIR)/BrowLab.app/$(BUNDLE_EXECUTABLE_FOLDER_PATH)/BrowLab";
			};
			name = Debug;
		};
		7E60D49C2A5FA573008D5035 /* Release */ = {
			isa = XCBuildConfiguration;
			buildSettings = {
				ALWAYS_EMBED_SWIFT_STANDARD_LIBRARIES = YES;
				BUNDLE_LOADER = "$(TEST_HOST)";
				CODE_SIGN_STYLE = Automatic;
				CURRENT_PROJECT_VERSION = 1;
				DEVELOPMENT_TEAM = FLG797DV64;
				GENERATE_INFOPLIST_FILE = YES;
				IPHONEOS_DEPLOYMENT_TARGET = 16.4;
				MARKETING_VERSION = 1.0;
				PRODUCT_BUNDLE_IDENTIFIER = mc3.one.BrowLabTests;
				PRODUCT_NAME = "$(TARGET_NAME)";
				SWIFT_EMIT_LOC_STRINGS = NO;
				SWIFT_VERSION = 5.0;
				TARGETED_DEVICE_FAMILY = "1,2";
				TEST_HOST = "$(BUILT_PRODUCTS_DIR)/BrowLab.app/$(BUNDLE_EXECUTABLE_FOLDER_PATH)/BrowLab";
			};
			name = Release;
		};
		7E60D49E2A5FA573008D5035 /* Debug */ = {
			isa = XCBuildConfiguration;
			buildSettings = {
				ALWAYS_EMBED_SWIFT_STANDARD_LIBRARIES = YES;
				CODE_SIGN_STYLE = Automatic;
				CURRENT_PROJECT_VERSION = 1;
				DEVELOPMENT_TEAM = FLG797DV64;
				GENERATE_INFOPLIST_FILE = YES;
				MARKETING_VERSION = 1.0;
				PRODUCT_BUNDLE_IDENTIFIER = mc3.one.BrowLabUITests;
				PRODUCT_NAME = "$(TARGET_NAME)";
				SWIFT_EMIT_LOC_STRINGS = NO;
				SWIFT_VERSION = 5.0;
				TARGETED_DEVICE_FAMILY = "1,2";
				TEST_TARGET_NAME = BrowLab;
			};
			name = Debug;
		};
		7E60D49F2A5FA573008D5035 /* Release */ = {
			isa = XCBuildConfiguration;
			buildSettings = {
				ALWAYS_EMBED_SWIFT_STANDARD_LIBRARIES = YES;
				CODE_SIGN_STYLE = Automatic;
				CURRENT_PROJECT_VERSION = 1;
				DEVELOPMENT_TEAM = FLG797DV64;
				GENERATE_INFOPLIST_FILE = YES;
				MARKETING_VERSION = 1.0;
				PRODUCT_BUNDLE_IDENTIFIER = mc3.one.BrowLabUITests;
				PRODUCT_NAME = "$(TARGET_NAME)";
				SWIFT_EMIT_LOC_STRINGS = NO;
				SWIFT_VERSION = 5.0;
				TARGETED_DEVICE_FAMILY = "1,2";
				TEST_TARGET_NAME = BrowLab;
			};
			name = Release;
		};
/* End XCBuildConfiguration section */

/* Begin XCConfigurationList section */
		7E60D46E2A5FA571008D5035 /* Build configuration list for PBXProject "BrowLab" */ = {
			isa = XCConfigurationList;
			buildConfigurations = (
				7E60D4952A5FA573008D5035 /* Debug */,
				7E60D4962A5FA573008D5035 /* Release */,
			);
			defaultConfigurationIsVisible = 0;
			defaultConfigurationName = Release;
		};
		7E60D4972A5FA573008D5035 /* Build configuration list for PBXNativeTarget "BrowLab" */ = {
			isa = XCConfigurationList;
			buildConfigurations = (
				7E60D4982A5FA573008D5035 /* Debug */,
				7E60D4992A5FA573008D5035 /* Release */,
			);
			defaultConfigurationIsVisible = 0;
			defaultConfigurationName = Release;
		};
		7E60D49A2A5FA573008D5035 /* Build configuration list for PBXNativeTarget "BrowLabTests" */ = {
			isa = XCConfigurationList;
			buildConfigurations = (
				7E60D49B2A5FA573008D5035 /* Debug */,
				7E60D49C2A5FA573008D5035 /* Release */,
			);
			defaultConfigurationIsVisible = 0;
			defaultConfigurationName = Release;
		};
		7E60D49D2A5FA573008D5035 /* Build configuration list for PBXNativeTarget "BrowLabUITests" */ = {
			isa = XCConfigurationList;
			buildConfigurations = (
				7E60D49E2A5FA573008D5035 /* Debug */,
				7E60D49F2A5FA573008D5035 /* Release */,
			);
			defaultConfigurationIsVisible = 0;
			defaultConfigurationName = Release;
		};
/* End XCConfigurationList section */
	};
	rootObject = 7E60D46B2A5FA571008D5035 /* Project object */;
}
